// !$*UTF8*$!
{
	archiveVersion = 1;
	classes = {
	};
	objectVersion = 55;
	objects = {

/* Begin PBXBuildFile section */
		D365A7DA29C8D0E100F28914 /* TableViewCell.swift in Sources */ = {isa = PBXBuildFile; fileRef = D365A7D929C8D0E100F28914 /* TableViewCell.swift */; };
		D36BCDB729CAD60000D53BA8 /* Alamofire in Frameworks */ = {isa = PBXBuildFile; productRef = D36BCDB629CAD60000D53BA8 /* Alamofire */; };
		D3A0C52E29C491A20037D43B /* AppDelegate.swift in Sources */ = {isa = PBXBuildFile; fileRef = D3A0C52D29C491A20037D43B /* AppDelegate.swift */; };
		D3A0C53029C491A20037D43B /* SceneDelegate.swift in Sources */ = {isa = PBXBuildFile; fileRef = D3A0C52F29C491A20037D43B /* SceneDelegate.swift */; };
		D3A0C53229C491A20037D43B /* ViewController.swift in Sources */ = {isa = PBXBuildFile; fileRef = D3A0C53129C491A20037D43B /* ViewController.swift */; };
		D3A0C53529C491A20037D43B /* Main.storyboard in Resources */ = {isa = PBXBuildFile; fileRef = D3A0C53329C491A20037D43B /* Main.storyboard */; };
		D3A0C53729C491A30037D43B /* Assets.xcassets in Resources */ = {isa = PBXBuildFile; fileRef = D3A0C53629C491A30037D43B /* Assets.xcassets */; };
		D3A0C53A29C491A30037D43B /* LaunchScreen.storyboard in Resources */ = {isa = PBXBuildFile; fileRef = D3A0C53829C491A30037D43B /* LaunchScreen.storyboard */; };
		D3A0C54529C491A30037D43B /* api_callingTests.swift in Sources */ = {isa = PBXBuildFile; fileRef = D3A0C54429C491A30037D43B /* api_callingTests.swift */; };
		D3A0C54F29C491A30037D43B /* api_callingUITests.swift in Sources */ = {isa = PBXBuildFile; fileRef = D3A0C54E29C491A30037D43B /* api_callingUITests.swift */; };
		D3A0C55129C491A30037D43B /* api_callingUITestsLaunchTests.swift in Sources */ = {isa = PBXBuildFile; fileRef = D3A0C55029C491A30037D43B /* api_callingUITestsLaunchTests.swift */; };
/* End PBXBuildFile section */

/* Begin PBXContainerItemProxy section */
		D3A0C54129C491A30037D43B /* PBXContainerItemProxy */ = {
			isa = PBXContainerItemProxy;
			containerPortal = D3A0C52229C491A20037D43B /* Project object */;
			proxyType = 1;
			remoteGlobalIDString = D3A0C52929C491A20037D43B;
			remoteInfo = "api calling";
		};
		D3A0C54B29C491A30037D43B /* PBXContainerItemProxy */ = {
			isa = PBXContainerItemProxy;
			containerPortal = D3A0C52229C491A20037D43B /* Project object */;
			proxyType = 1;
			remoteGlobalIDString = D3A0C52929C491A20037D43B;
			remoteInfo = "api calling";
		};
/* End PBXContainerItemProxy section */

/* Begin PBXFileReference section */
		D365A7D929C8D0E100F28914 /* TableViewCell.swift */ = {isa = PBXFileReference; lastKnownFileType = sourcecode.swift; path = TableViewCell.swift; sourceTree = "<group>"; };
		D3A0C52A29C491A20037D43B /* api calling.app */ = {isa = PBXFileReference; explicitFileType = wrapper.application; includeInIndex = 0; path = "api calling.app"; sourceTree = BUILT_PRODUCTS_DIR; };
		D3A0C52D29C491A20037D43B /* AppDelegate.swift */ = {isa = PBXFileReference; lastKnownFileType = sourcecode.swift; path = AppDelegate.swift; sourceTree = "<group>"; };
		D3A0C52F29C491A20037D43B /* SceneDelegate.swift */ = {isa = PBXFileReference; lastKnownFileType = sourcecode.swift; path = SceneDelegate.swift; sourceTree = "<group>"; };
		D3A0C53129C491A20037D43B /* ViewController.swift */ = {isa = PBXFileReference; lastKnownFileType = sourcecode.swift; path = ViewController.swift; sourceTree = "<group>"; };
		D3A0C53429C491A20037D43B /* Base */ = {isa = PBXFileReference; lastKnownFileType = file.storyboard; name = Base; path = Base.lproj/Main.storyboard; sourceTree = "<group>"; };
		D3A0C53629C491A30037D43B /* Assets.xcassets */ = {isa = PBXFileReference; lastKnownFileType = folder.assetcatalog; path = Assets.xcassets; sourceTree = "<group>"; };
		D3A0C53929C491A30037D43B /* Base */ = {isa = PBXFileReference; lastKnownFileType = file.storyboard; name = Base; path = Base.lproj/LaunchScreen.storyboard; sourceTree = "<group>"; };
		D3A0C53B29C491A30037D43B /* Info.plist */ = {isa = PBXFileReference; lastKnownFileType = text.plist.xml; path = Info.plist; sourceTree = "<group>"; };
		D3A0C54029C491A30037D43B /* api callingTests.xctest */ = {isa = PBXFileReference; explicitFileType = wrapper.cfbundle; includeInIndex = 0; path = "api callingTests.xctest"; sourceTree = BUILT_PRODUCTS_DIR; };
		D3A0C54429C491A30037D43B /* api_callingTests.swift */ = {isa = PBXFileReference; lastKnownFileType = sourcecode.swift; path = api_callingTests.swift; sourceTree = "<group>"; };
		D3A0C54A29C491A30037D43B /* api callingUITests.xctest */ = {isa = PBXFileReference; explicitFileType = wrapper.cfbundle; includeInIndex = 0; path = "api callingUITests.xctest"; sourceTree = BUILT_PRODUCTS_DIR; };
		D3A0C54E29C491A30037D43B /* api_callingUITests.swift */ = {isa = PBXFileReference; lastKnownFileType = sourcecode.swift; path = api_callingUITests.swift; sourceTree = "<group>"; };
		D3A0C55029C491A30037D43B /* api_callingUITestsLaunchTests.swift */ = {isa = PBXFileReference; lastKnownFileType = sourcecode.swift; path = api_callingUITestsLaunchTests.swift; sourceTree = "<group>"; };
/* End PBXFileReference section */

/* Begin PBXFrameworksBuildPhase section */
		D3A0C52729C491A20037D43B /* Frameworks */ = {
			isa = PBXFrameworksBuildPhase;
			buildActionMask = 2147483647;
			files = (
				D36BCDB729CAD60000D53BA8 /* Alamofire in Frameworks */,
			);
			runOnlyForDeploymentPostprocessing = 0;
		};
		D3A0C53D29C491A30037D43B /* Frameworks */ = {
			isa = PBXFrameworksBuildPhase;
			buildActionMask = 2147483647;
			files = (
			);
			runOnlyForDeploymentPostprocessing = 0;
		};
		D3A0C54729C491A30037D43B /* Frameworks */ = {
			isa = PBXFrameworksBuildPhase;
			buildActionMask = 2147483647;
			files = (
			);
			runOnlyForDeploymentPostprocessing = 0;
		};
/* End PBXFrameworksBuildPhase section */

/* Begin PBXGroup section */
		D3A0C52129C491A20037D43B = {
			isa = PBXGroup;
			children = (
				D3A0C52C29C491A20037D43B /* api calling */,
				D3A0C54329C491A30037D43B /* api callingTests */,
				D3A0C54D29C491A30037D43B /* api callingUITests */,
				D3A0C52B29C491A20037D43B /* Products */,
			);
			sourceTree = "<group>";
		};
		D3A0C52B29C491A20037D43B /* Products */ = {
			isa = PBXGroup;
			children = (
				D3A0C52A29C491A20037D43B /* api calling.app */,
				D3A0C54029C491A30037D43B /* api callingTests.xctest */,
				D3A0C54A29C491A30037D43B /* api callingUITests.xctest */,
			);
			name = Products;
			sourceTree = "<group>";
		};
		D3A0C52C29C491A20037D43B /* api calling */ = {
			isa = PBXGroup;
			children = (
				D3A0C52D29C491A20037D43B /* AppDelegate.swift */,
				D3A0C52F29C491A20037D43B /* SceneDelegate.swift */,
				D3A0C53129C491A20037D43B /* ViewController.swift */,
				D3A0C53329C491A20037D43B /* Main.storyboard */,
				D365A7D929C8D0E100F28914 /* TableViewCell.swift */,
				D3A0C53629C491A30037D43B /* Assets.xcassets */,
				D3A0C53829C491A30037D43B /* LaunchScreen.storyboard */,
				D3A0C53B29C491A30037D43B /* Info.plist */,
			);
			path = "api calling";
			sourceTree = "<group>";
		};
		D3A0C54329C491A30037D43B /* api callingTests */ = {
			isa = PBXGroup;
			children = (
				D3A0C54429C491A30037D43B /* api_callingTests.swift */,
			);
			path = "api callingTests";
			sourceTree = "<group>";
		};
		D3A0C54D29C491A30037D43B /* api callingUITests */ = {
			isa = PBXGroup;
			children = (
				D3A0C54E29C491A30037D43B /* api_callingUITests.swift */,
				D3A0C55029C491A30037D43B /* api_callingUITestsLaunchTests.swift */,
			);
			path = "api callingUITests";
			sourceTree = "<group>";
		};
/* End PBXGroup section */

/* Begin PBXNativeTarget section */
		D3A0C52929C491A20037D43B /* api calling */ = {
			isa = PBXNativeTarget;
			buildConfigurationList = D3A0C55429C491A30037D43B /* Build configuration list for PBXNativeTarget "api calling" */;
			buildPhases = (
				D3A0C52629C491A20037D43B /* Sources */,
				D3A0C52729C491A20037D43B /* Frameworks */,
				D3A0C52829C491A20037D43B /* Resources */,
			);
			buildRules = (
			);
			dependencies = (
			);
			name = "api calling";
			packageProductDependencies = (
				D36BCDB629CAD60000D53BA8 /* Alamofire */,
			);
			productName = "api calling";
			productReference = D3A0C52A29C491A20037D43B /* api calling.app */;
			productType = "com.apple.product-type.application";
		};
		D3A0C53F29C491A30037D43B /* api callingTests */ = {
			isa = PBXNativeTarget;
			buildConfigurationList = D3A0C55729C491A30037D43B /* Build configuration list for PBXNativeTarget "api callingTests" */;
			buildPhases = (
				D3A0C53C29C491A30037D43B /* Sources */,
				D3A0C53D29C491A30037D43B /* Frameworks */,
				D3A0C53E29C491A30037D43B /* Resources */,
			);
			buildRules = (
			);
			dependencies = (
				D3A0C54229C491A30037D43B /* PBXTargetDependency */,
			);
			name = "api callingTests";
			productName = "api callingTests";
			productReference = D3A0C54029C491A30037D43B /* api callingTests.xctest */;
			productType = "com.apple.product-type.bundle.unit-test";
		};
		D3A0C54929C491A30037D43B /* api callingUITests */ = {
			isa = PBXNativeTarget;
			buildConfigurationList = D3A0C55A29C491A30037D43B /* Build configuration list for PBXNativeTarget "api callingUITests" */;
			buildPhases = (
				D3A0C54629C491A30037D43B /* Sources */,
				D3A0C54729C491A30037D43B /* Frameworks */,
				D3A0C54829C491A30037D43B /* Resources */,
			);
			buildRules = (
			);
			dependencies = (
				D3A0C54C29C491A30037D43B /* PBXTargetDependency */,
			);
			name = "api callingUITests";
			productName = "api callingUITests";
			productReference = D3A0C54A29C491A30037D43B /* api callingUITests.xctest */;
			productType = "com.apple.product-type.bundle.ui-testing";
		};
/* End PBXNativeTarget section */

/* Begin PBXProject section */
		D3A0C52229C491A20037D43B /* Project object */ = {
			isa = PBXProject;
			attributes = {
				BuildIndependentTargetsInParallel = 1;
				LastSwiftUpdateCheck = 1300;
				LastUpgradeCheck = 1300;
				TargetAttributes = {
					D3A0C52929C491A20037D43B = {
						CreatedOnToolsVersion = 13.0;
					};
					D3A0C53F29C491A30037D43B = {
						CreatedOnToolsVersion = 13.0;
						TestTargetID = D3A0C52929C491A20037D43B;
					};
					D3A0C54929C491A30037D43B = {
						CreatedOnToolsVersion = 13.0;
						TestTargetID = D3A0C52929C491A20037D43B;
					};
				};
			};
			buildConfigurationList = D3A0C52529C491A20037D43B /* Build configuration list for PBXProject "api calling" */;
			compatibilityVersion = "Xcode 13.0";
			developmentRegion = en;
			hasScannedForEncodings = 0;
			knownRegions = (
				en,
				Base,
			);
			mainGroup = D3A0C52129C491A20037D43B;
			packageReferences = (
				D36BCDB529CAD60000D53BA8 /* XCRemoteSwiftPackageReference "Alamofire" */,
			);
			productRefGroup = D3A0C52B29C491A20037D43B /* Products */;
			projectDirPath = "";
			projectRoot = "";
			targets = (
				D3A0C52929C491A20037D43B /* api calling */,
				D3A0C53F29C491A30037D43B /* api callingTests */,
				D3A0C54929C491A30037D43B /* api callingUITests */,
			);
		};
/* End PBXProject section */

/* Begin PBXResourcesBuildPhase section */
		D3A0C52829C491A20037D43B /* Resources */ = {
			isa = PBXResourcesBuildPhase;
			buildActionMask = 2147483647;
			files = (
				D3A0C53A29C491A30037D43B /* LaunchScreen.storyboard in Resources */,
				D3A0C53729C491A30037D43B /* Assets.xcassets in Resources */,
				D3A0C53529C491A20037D43B /* Main.storyboard in Resources */,
			);
			runOnlyForDeploymentPostprocessing = 0;
		};
		D3A0C53E29C491A30037D43B /* Resources */ = {
			isa = PBXResourcesBuildPhase;
			buildActionMask = 2147483647;
			files = (
			);
			runOnlyForDeploymentPostprocessing = 0;
		};
		D3A0C54829C491A30037D43B /* Resources */ = {
			isa = PBXResourcesBuildPhase;
			buildActionMask = 2147483647;
			files = (
			);
			runOnlyForDeploymentPostprocessing = 0;
		};
/* End PBXResourcesBuildPhase section */

/* Begin PBXSourcesBuildPhase section */
		D3A0C52629C491A20037D43B /* Sources */ = {
			isa = PBXSourcesBuildPhase;
			buildActionMask = 2147483647;
			files = (
				D3A0C53229C491A20037D43B /* ViewController.swift in Sources */,
				D365A7DA29C8D0E100F28914 /* TableViewCell.swift in Sources */,
				D3A0C52E29C491A20037D43B /* AppDelegate.swift in Sources */,
				D3A0C53029C491A20037D43B /* SceneDelegate.swift in Sources */,
			);
			runOnlyForDeploymentPostprocessing = 0;
		};
		D3A0C53C29C491A30037D43B /* Sources */ = {
			isa = PBXSourcesBuildPhase;
			buildActionMask = 2147483647;
			files = (
				D3A0C54529C491A30037D43B /* api_callingTests.swift in Sources */,
			);
			runOnlyForDeploymentPostprocessing = 0;
		};
		D3A0C54629C491A30037D43B /* Sources */ = {
			isa = PBXSourcesBuildPhase;
			buildActionMask = 2147483647;
			files = (
				D3A0C55129C491A30037D43B /* api_callingUITestsLaunchTests.swift in Sources */,
				D3A0C54F29C491A30037D43B /* api_callingUITests.swift in Sources */,
			);
			runOnlyForDeploymentPostprocessing = 0;
		};
/* End PBXSourcesBuildPhase section */

/* Begin PBXTargetDependency section */
		D3A0C54229C491A30037D43B /* PBXTargetDependency */ = {
			isa = PBXTargetDependency;
			target = D3A0C52929C491A20037D43B /* api calling */;
			targetProxy = D3A0C54129C491A30037D43B /* PBXContainerItemProxy */;
		};
		D3A0C54C29C491A30037D43B /* PBXTargetDependency */ = {
			isa = PBXTargetDependency;
			target = D3A0C52929C491A20037D43B /* api calling */;
			targetProxy = D3A0C54B29C491A30037D43B /* PBXContainerItemProxy */;
		};
/* End PBXTargetDependency section */

/* Begin PBXVariantGroup section */
		D3A0C53329C491A20037D43B /* Main.storyboard */ = {
			isa = PBXVariantGroup;
			children = (
				D3A0C53429C491A20037D43B /* Base */,
			);
			name = Main.storyboard;
			sourceTree = "<group>";
		};
		D3A0C53829C491A30037D43B /* LaunchScreen.storyboard */ = {
			isa = PBXVariantGroup;
			children = (
				D3A0C53929C491A30037D43B /* Base */,
			);
			name = LaunchScreen.storyboard;
			sourceTree = "<group>";
		};
/* End PBXVariantGroup section */

/* Begin XCBuildConfiguration section */
		D3A0C55229C491A30037D43B /* Debug */ = {
			isa = XCBuildConfiguration;
			buildSettings = {
				ALWAYS_SEARCH_USER_PATHS = NO;
				CLANG_ANALYZER_NONNULL = YES;
				CLANG_ANALYZER_NUMBER_OBJECT_CONVERSION = YES_AGGRESSIVE;
				CLANG_CXX_LANGUAGE_STANDARD = "gnu++17";
				CLANG_CXX_LIBRARY = "libc++";
				CLANG_ENABLE_MODULES = YES;
				CLANG_ENABLE_OBJC_ARC = YES;
				CLANG_ENABLE_OBJC_WEAK = YES;
				CLANG_WARN_BLOCK_CAPTURE_AUTORELEASING = YES;
				CLANG_WARN_BOOL_CONVERSION = YES;
				CLANG_WARN_COMMA = YES;
				CLANG_WARN_CONSTANT_CONVERSION = YES;
				CLANG_WARN_DEPRECATED_OBJC_IMPLEMENTATIONS = YES;
				CLANG_WARN_DIRECT_OBJC_ISA_USAGE = YES_ERROR;
				CLANG_WARN_DOCUMENTATION_COMMENTS = YES;
				CLANG_WARN_EMPTY_BODY = YES;
				CLANG_WARN_ENUM_CONVERSION = YES;
				CLANG_WARN_INFINITE_RECURSION = YES;
				CLANG_WARN_INT_CONVERSION = YES;
				CLANG_WARN_NON_LITERAL_NULL_CONVERSION = YES;
				CLANG_WARN_OBJC_IMPLICIT_RETAIN_SELF = YES;
				CLANG_WARN_OBJC_LITERAL_CONVERSION = YES;
				CLANG_WARN_OBJC_ROOT_CLASS = YES_ERROR;
				CLANG_WARN_QUOTED_INCLUDE_IN_FRAMEWORK_HEADER = YES;
				CLANG_WARN_RANGE_LOOP_ANALYSIS = YES;
				CLANG_WARN_STRICT_PROTOTYPES = YES;
				CLANG_WARN_SUSPICIOUS_MOVE = YES;
				CLANG_WARN_UNGUARDED_AVAILABILITY = YES_AGGRESSIVE;
				CLANG_WARN_UNREACHABLE_CODE = YES;
				CLANG_WARN__DUPLICATE_METHOD_MATCH = YES;
				COPY_PHASE_STRIP = NO;
				DEBUG_INFORMATION_FORMAT = dwarf;
				ENABLE_STRICT_OBJC_MSGSEND = YES;
				ENABLE_TESTABILITY = YES;
				GCC_C_LANGUAGE_STANDARD = gnu11;
				GCC_DYNAMIC_NO_PIC = NO;
				GCC_NO_COMMON_BLOCKS = YES;
				GCC_OPTIMIZATION_LEVEL = 0;
				GCC_PREPROCESSOR_DEFINITIONS = (
					"DEBUG=1",
					"$(inherited)",
				);
				GCC_WARN_64_TO_32_BIT_CONVERSION = YES;
				GCC_WARN_ABOUT_RETURN_TYPE = YES_ERROR;
				GCC_WARN_UNDECLARED_SELECTOR = YES;
				GCC_WARN_UNINITIALIZED_AUTOS = YES_AGGRESSIVE;
				GCC_WARN_UNUSED_FUNCTION = YES;
				GCC_WARN_UNUSED_VARIABLE = YES;
				IPHONEOS_DEPLOYMENT_TARGET = 15.0;
				MTL_ENABLE_DEBUG_INFO = INCLUDE_SOURCE;
				MTL_FAST_MATH = YES;
				ONLY_ACTIVE_ARCH = YES;
				SDKROOT = iphoneos;
				SWIFT_ACTIVE_COMPILATION_CONDITIONS = DEBUG;
				SWIFT_OPTIMIZATION_LEVEL = "-Onone";
			};
			name = Debug;
		};
		D3A0C55329C491A30037D43B /* Release */ = {
			isa = XCBuildConfiguration;
			buildSettings = {
				ALWAYS_SEARCH_USER_PATHS = NO;
				CLANG_ANALYZER_NONNULL = YES;
				CLANG_ANALYZER_NUMBER_OBJECT_CONVERSION = YES_AGGRESSIVE;
				CLANG_CXX_LANGUAGE_STANDARD = "gnu++17";
				CLANG_CXX_LIBRARY = "libc++";
				CLANG_ENABLE_MODULES = YES;
				CLANG_ENABLE_OBJC_ARC = YES;
				CLANG_ENABLE_OBJC_WEAK = YES;
				CLANG_WARN_BLOCK_CAPTURE_AUTORELEASING = YES;
				CLANG_WARN_BOOL_CONVERSION = YES;
				CLANG_WARN_COMMA = YES;
				CLANG_WARN_CONSTANT_CONVERSION = YES;
				CLANG_WARN_DEPRECATED_OBJC_IMPLEMENTATIONS = YES;
				CLANG_WARN_DIRECT_OBJC_ISA_USAGE = YES_ERROR;
				CLANG_WARN_DOCUMENTATION_COMMENTS = YES;
				CLANG_WARN_EMPTY_BODY = YES;
				CLANG_WARN_ENUM_CONVERSION = YES;
				CLANG_WARN_INFINITE_RECURSION = YES;
				CLANG_WARN_INT_CONVERSION = YES;
				CLANG_WARN_NON_LITERAL_NULL_CONVERSION = YES;
				CLANG_WARN_OBJC_IMPLICIT_RETAIN_SELF = YES;
				CLANG_WARN_OBJC_LITERAL_CONVERSION = YES;
				CLANG_WARN_OBJC_ROOT_CLASS = YES_ERROR;
				CLANG_WARN_QUOTED_INCLUDE_IN_FRAMEWORK_HEADER = YES;
				CLANG_WARN_RANGE_LOOP_ANALYSIS = YES;
				CLANG_WARN_STRICT_PROTOTYPES = YES;
				CLANG_WARN_SUSPICIOUS_MOVE = YES;
				CLANG_WARN_UNGUARDED_AVAILABILITY = YES_AGGRESSIVE;
				CLANG_WARN_UNREACHABLE_CODE = YES;
				CLANG_WARN__DUPLICATE_METHOD_MATCH = YES;
				COPY_PHASE_STRIP = NO;
				DEBUG_INFORMATION_FORMAT = "dwarf-with-dsym";
				ENABLE_NS_ASSERTIONS = NO;
				ENABLE_STRICT_OBJC_MSGSEND = YES;
				GCC_C_LANGUAGE_STANDARD = gnu11;
				GCC_NO_COMMON_BLOCKS = YES;
				GCC_WARN_64_TO_32_BIT_CONVERSION = YES;
				GCC_WARN_ABOUT_RETURN_TYPE = YES_ERROR;
				GCC_WARN_UNDECLARED_SELECTOR = YES;
				GCC_WARN_UNINITIALIZED_AUTOS = YES_AGGRESSIVE;
				GCC_WARN_UNUSED_FUNCTION = YES;
				GCC_WARN_UNUSED_VARIABLE = YES;
				IPHONEOS_DEPLOYMENT_TARGET = 15.0;
				MTL_ENABLE_DEBUG_INFO = NO;
				MTL_FAST_MATH = YES;
				SDKROOT = iphoneos;
				SWIFT_COMPILATION_MODE = wholemodule;
				SWIFT_OPTIMIZATION_LEVEL = "-O";
				VALIDATE_PRODUCT = YES;
			};
			name = Release;
		};
		D3A0C55529C491A30037D43B /* Debug */ = {
			isa = XCBuildConfiguration;
			buildSettings = {
				ASSETCATALOG_COMPILER_APPICON_NAME = AppIcon;
				ASSETCATALOG_COMPILER_GLOBAL_ACCENT_COLOR_NAME = AccentColor;
				CODE_SIGN_STYLE = Automatic;
				CURRENT_PROJECT_VERSION = 1;
				GENERATE_INFOPLIST_FILE = YES;
				INFOPLIST_FILE = "api calling/Info.plist";
				INFOPLIST_KEY_UIApplicationSupportsIndirectInputEvents = YES;
				INFOPLIST_KEY_UILaunchStoryboardName = LaunchScreen;
				INFOPLIST_KEY_UIMainStoryboardFile = Main;
				INFOPLIST_KEY_UISupportedInterfaceOrientations_iPad = "UIInterfaceOrientationPortrait UIInterfaceOrientationPortraitUpsideDown UIInterfaceOrientationLandscapeLeft UIInterfaceOrientationLandscapeRight";
				INFOPLIST_KEY_UISupportedInterfaceOrientations_iPhone = "UIInterfaceOrientationPortrait UIInterfaceOrientationLandscapeLeft UIInterfaceOrientationLandscapeRight";
				LD_RUNPATH_SEARCH_PATHS = (
					"$(inherited)",
					"@executable_path/Frameworks",
				);
				MARKETING_VERSION = 1.0;
				PRODUCT_BUNDLE_IDENTIFIER = "com.janvi.kachchhi.api-calling";
				PRODUCT_NAME = "$(TARGET_NAME)";
				SWIFT_EMIT_LOC_STRINGS = YES;
				SWIFT_VERSION = 5.0;
				TARGETED_DEVICE_FAMILY = "1,2";
			};
			name = Debug;
		};
		D3A0C55629C491A30037D43B /* Release */ = {
			isa = XCBuildConfiguration;
			buildSettings = {
				ASSETCATALOG_COMPILER_APPICON_NAME = AppIcon;
				ASSETCATALOG_COMPILER_GLOBAL_ACCENT_COLOR_NAME = AccentColor;
				CODE_SIGN_STYLE = Automatic;
				CURRENT_PROJECT_VERSION = 1;
				GENERATE_INFOPLIST_FILE = YES;
				INFOPLIST_FILE = "api calling/Info.plist";
				INFOPLIST_KEY_UIApplicationSupportsIndirectInputEvents = YES;
				INFOPLIST_KEY_UILaunchStoryboardName = LaunchScreen;
				INFOPLIST_KEY_UIMainStoryboardFile = Main;
				INFOPLIST_KEY_UISupportedInterfaceOrientations_iPad = "UIInterfaceOrientationPortrait UIInterfaceOrientationPortraitUpsideDown UIInterfaceOrientationLandscapeLeft UIInterfaceOrientationLandscapeRight";
				INFOPLIST_KEY_UISupportedInterfaceOrientations_iPhone = "UIInterfaceOrientationPortrait UIInterfaceOrientationLandscapeLeft UIInterfaceOrientationLandscapeRight";
				LD_RUNPATH_SEARCH_PATHS = (
					"$(inherited)",
					"@executable_path/Frameworks",
				);
				MARKETING_VERSION = 1.0;
				PRODUCT_BUNDLE_IDENTIFIER = "com.janvi.kachchhi.api-calling";
				PRODUCT_NAME = "$(TARGET_NAME)";
				SWIFT_EMIT_LOC_STRINGS = YES;
				SWIFT_VERSION = 5.0;
				TARGETED_DEVICE_FAMILY = "1,2";
			};
			name = Release;
		};
		D3A0C55829C491A30037D43B /* Debug */ = {
			isa = XCBuildConfiguration;
			buildSettings = {
				ALWAYS_EMBED_SWIFT_STANDARD_LIBRARIES = YES;
				BUNDLE_LOADER = "$(TEST_HOST)";
				CODE_SIGN_STYLE = Automatic;
				CURRENT_PROJECT_VERSION = 1;
				GENERATE_INFOPLIST_FILE = YES;
				IPHONEOS_DEPLOYMENT_TARGET = 15.0;
				LD_RUNPATH_SEARCH_PATHS = (
					"$(inherited)",
					"@executable_path/Frameworks",
					"@loader_path/Frameworks",
				);
				MARKETING_VERSION = 1.0;
				PRODUCT_BUNDLE_IDENTIFIER = "com.janvi.kachchhi.api-callingTests";
				PRODUCT_NAME = "$(TARGET_NAME)";
				SWIFT_EMIT_LOC_STRINGS = NO;
				SWIFT_VERSION = 5.0;
				TARGETED_DEVICE_FAMILY = "1,2";
				TEST_HOST = "$(BUILT_PRODUCTS_DIR)/api calling.app/api calling";
			};
			name = Debug;
		};
		D3A0C55929C491A30037D43B /* Release */ = {
			isa = XCBuildConfiguration;
			buildSettings = {
				ALWAYS_EMBED_SWIFT_STANDARD_LIBRARIES = YES;
				BUNDLE_LOADER = "$(TEST_HOST)";
				CODE_SIGN_STYLE = Automatic;
				CURRENT_PROJECT_VERSION = 1;
				GENERATE_INFOPLIST_FILE = YES;
				IPHONEOS_DEPLOYMENT_TARGET = 15.0;
				LD_RUNPATH_SEARCH_PATHS = (
					"$(inherited)",
					"@executable_path/Frameworks",
					"@loader_path/Frameworks",
				);
				MARKETING_VERSION = 1.0;
				PRODUCT_BUNDLE_IDENTIFIER = "com.janvi.kachchhi.api-callingTests";
				PRODUCT_NAME = "$(TARGET_NAME)";
				SWIFT_EMIT_LOC_STRINGS = NO;
				SWIFT_VERSION = 5.0;
				TARGETED_DEVICE_FAMILY = "1,2";
				TEST_HOST = "$(BUILT_PRODUCTS_DIR)/api calling.app/api calling";
			};
			name = Release;
		};
		D3A0C55B29C491A30037D43B /* Debug */ = {
			isa = XCBuildConfiguration;
			buildSettings = {
				ALWAYS_EMBED_SWIFT_STANDARD_LIBRARIES = YES;
				CODE_SIGN_STYLE = Automatic;
				CURRENT_PROJECT_VERSION = 1;
				GENERATE_INFOPLIST_FILE = YES;
				LD_RUNPATH_SEARCH_PATHS = (
					"$(inherited)",
					"@executable_path/Frameworks",
					"@loader_path/Frameworks",
				);
				MARKETING_VERSION = 1.0;
				PRODUCT_BUNDLE_IDENTIFIER = "com.janvi.kachchhi.api-callingUITests";
				PRODUCT_NAME = "$(TARGET_NAME)";
				SWIFT_EMIT_LOC_STRINGS = NO;
				SWIFT_VERSION = 5.0;
				TARGETED_DEVICE_FAMILY = "1,2";
				TEST_TARGET_NAME = "api calling";
			};
			name = Debug;
		};
		D3A0C55C29C491A30037D43B /* Release */ = {
			isa = XCBuildConfiguration;
			buildSettings = {
				ALWAYS_EMBED_SWIFT_STANDARD_LIBRARIES = YES;
				CODE_SIGN_STYLE = Automatic;
				CURRENT_PROJECT_VERSION = 1;
				GENERATE_INFOPLIST_FILE = YES;
				LD_RUNPATH_SEARCH_PATHS = (
					"$(inherited)",
					"@executable_path/Frameworks",
					"@loader_path/Frameworks",
				);
				MARKETING_VERSION = 1.0;
				PRODUCT_BUNDLE_IDENTIFIER = "com.janvi.kachchhi.api-callingUITests";
				PRODUCT_NAME = "$(TARGET_NAME)";
				SWIFT_EMIT_LOC_STRINGS = NO;
				SWIFT_VERSION = 5.0;
				TARGETED_DEVICE_FAMILY = "1,2";
				TEST_TARGET_NAME = "api calling";
			};
			name = Release;
		};
/* End XCBuildConfiguration section */

/* Begin XCConfigurationList section */
		D3A0C52529C491A20037D43B /* Build configuration list for PBXProject "api calling" */ = {
			isa = XCConfigurationList;
			buildConfigurations = (
				D3A0C55229C491A30037D43B /* Debug */,
				D3A0C55329C491A30037D43B /* Release */,
			);
			defaultConfigurationIsVisible = 0;
			defaultConfigurationName = Release;
		};
		D3A0C55429C491A30037D43B /* Build configuration list for PBXNativeTarget "api calling" */ = {
			isa = XCConfigurationList;
			buildConfigurations = (
				D3A0C55529C491A30037D43B /* Debug */,
				D3A0C55629C491A30037D43B /* Release */,
			);
			defaultConfigurationIsVisible = 0;
			defaultConfigurationName = Release;
		};
		D3A0C55729C491A30037D43B /* Build configuration list for PBXNativeTarget "api callingTests" */ = {
			isa = XCConfigurationList;
			buildConfigurations = (
				D3A0C55829C491A30037D43B /* Debug */,
				D3A0C55929C491A30037D43B /* Release */,
			);
			defaultConfigurationIsVisible = 0;
			defaultConfigurationName = Release;
		};
		D3A0C55A29C491A30037D43B /* Build configuration list for PBXNativeTarget "api callingUITests" */ = {
			isa = XCConfigurationList;
			buildConfigurations = (
				D3A0C55B29C491A30037D43B /* Debug */,
				D3A0C55C29C491A30037D43B /* Release */,
			);
			defaultConfigurationIsVisible = 0;
			defaultConfigurationName = Release;
		};
/* End XCConfigurationList section */

/* Begin XCRemoteSwiftPackageReference section */
		D36BCDB529CAD60000D53BA8 /* XCRemoteSwiftPackageReference "Alamofire" */ = {
			isa = XCRemoteSwiftPackageReference;
			repositoryURL = "https://github.com/Alamofire/Alamofire.git";
			requirement = {
				branch = master;
				kind = branch;
			};
		};
/* End XCRemoteSwiftPackageReference section */

/* Begin XCSwiftPackageProductDependency section */
		D36BCDB629CAD60000D53BA8 /* Alamofire */ = {
			isa = XCSwiftPackageProductDependency;
			package = D36BCDB529CAD60000D53BA8 /* XCRemoteSwiftPackageReference "Alamofire" */;
			productName = Alamofire;
		};
/* End XCSwiftPackageProductDependency section */
	};
	rootObject = D3A0C52229C491A20037D43B /* Project object */;
}
